
Microsoft Visual Studio Solution File, Format Version 12.00
# Visual Studio Version 17
VisualStudioVersion = 17.9.34728.123
MinimumVisualStudioVersion = 10.0.40219.1
Project("{FAE04EC0-301F-11D3-BF4B-00C04F79EFBC}") = "作業2024_12_08", "作業2024_12_08\作業2024_12_08.csproj", "{1933B2F5-D530-4412-852B-9B74C31D7EDB}"
EndProject
Global
	GlobalSection(SolutionConfigurationPlatforms) = preSolution
		Debug|Any CPU = Debug|Any CPU
		Release|Any CPU = Release|Any CPU
	EndGlobalSection
	GlobalSection(ProjectConfigurationPlatforms) = postSolution
		{1933B2F5-D530-4412-852B-9B74C31D7EDB}.Debug|Any CPU.ActiveCfg = Debug|Any CPU
		{1933B2F5-D530-4412-852B-9B74C31D7EDB}.Debug|Any CPU.Build.0 = Debug|Any CPU
		{1933B2F5-D530-4412-852B-9B74C31D7EDB}.Release|Any CPU.ActiveCfg = Release|Any CPU
		{1933B2F5-D530-4412-852B-9B74C31D7EDB}.Release|Any CPU.Build.0 = Release|Any CPU
	EndGlobalSection
	GlobalSection(SolutionProperties) = preSolution
		HideSolutionNode = FALSE
	EndGlobalSection
	GlobalSection(ExtensibilityGlobals) = postSolution
		SolutionGuid = {5C964A8D-84DD-43C2-A2E5-EA5EF2C19D57}
	EndGlobalSection
EndGlobal
